
Microsoft Visual Studio Solution File, Format Version 12.00
# Visual Studio Version 16
VisualStudioVersion = 16.0.29025.244
MinimumVisualStudioVersion = 10.0.40219.1
Project("{9A19103F-16F7-4668-BE54-9A1E7A4F7556}") = "2.1. ROUND", "2.1. ROUND\2.1. ROUND.csproj", "{C513DB03-7328-4B77-A70F-CA7B9DD4641D}"
EndProject
Project("{9A19103F-16F7-4668-BE54-9A1E7A4F7556}") = "2.2. TRIANGLE", "2.2. TRIANGLE\2.2. TRIANGLE.csproj", "{CFC1B504-A2C3-4406-B3C1-DF650D392CDB}"
EndProject
Project("{9A19103F-16F7-4668-BE54-9A1E7A4F7556}") = "2.3. USER", "2.3. USER\2.3. USER.csproj", "{EE976318-53AD-4953-A343-4B3B47B63627}"
EndProject
Project("{9A19103F-16F7-4668-BE54-9A1E7A4F7556}") = "2.4. MY STRING", "2.4. MY STRING\2.4. MY STRING.csproj", "{9C6653C2-3FC3-4280-9200-F1BB892C5B94}"
EndProject
Project("{9A19103F-16F7-4668-BE54-9A1E7A4F7556}") = "2.5. EMPLOYEE", "2.5. EMPLOYEE\2.5. EMPLOYEE.csproj", "{80353DB6-D702-4982-B621-C427DAB64B89}"
EndProject
Project("{9A19103F-16F7-4668-BE54-9A1E7A4F7556}") = "2.6. RING", "2.6. RING\2.6. RING.csproj", "{3BEE1F32-7E5F-4A26-B1D3-A0D84D523EDA}"
EndProject
Project("{FAE04EC0-301F-11D3-BF4B-00C04F79EFBC}") = "2.7. VECTOR GRAPHICS EDITOR", "2.7. VECTOR GRAPHICS EDITOR\2.7. VECTOR GRAPHICS EDITOR.csproj", "{9BDED17B-0259-4F5C-85CF-A717C8D6E4BB}"
EndProject
Global
	GlobalSection(SolutionConfigurationPlatforms) = preSolution
		Debug|Any CPU = Debug|Any CPU
		Release|Any CPU = Release|Any CPU
	EndGlobalSection
	GlobalSection(ProjectConfigurationPlatforms) = postSolution
		{C513DB03-7328-4B77-A70F-CA7B9DD4641D}.Debug|Any CPU.ActiveCfg = Debug|Any CPU
		{C513DB03-7328-4B77-A70F-CA7B9DD4641D}.Debug|Any CPU.Build.0 = Debug|Any CPU
		{C513DB03-7328-4B77-A70F-CA7B9DD4641D}.Release|Any CPU.ActiveCfg = Release|Any CPU
		{C513DB03-7328-4B77-A70F-CA7B9DD4641D}.Release|Any CPU.Build.0 = Release|Any CPU
		{CFC1B504-A2C3-4406-B3C1-DF650D392CDB}.Debug|Any CPU.ActiveCfg = Debug|Any CPU
		{CFC1B504-A2C3-4406-B3C1-DF650D392CDB}.Debug|Any CPU.Build.0 = Debug|Any CPU
		{CFC1B504-A2C3-4406-B3C1-DF650D392CDB}.Release|Any CPU.ActiveCfg = Release|Any CPU
		{CFC1B504-A2C3-4406-B3C1-DF650D392CDB}.Release|Any CPU.Build.0 = Release|Any CPU
		{EE976318-53AD-4953-A343-4B3B47B63627}.Debug|Any CPU.ActiveCfg = Debug|Any CPU
		{EE976318-53AD-4953-A343-4B3B47B63627}.Debug|Any CPU.Build.0 = Debug|Any CPU
		{EE976318-53AD-4953-A343-4B3B47B63627}.Release|Any CPU.ActiveCfg = Release|Any CPU
		{EE976318-53AD-4953-A343-4B3B47B63627}.Release|Any CPU.Build.0 = Release|Any CPU
		{9C6653C2-3FC3-4280-9200-F1BB892C5B94}.Debug|Any CPU.ActiveCfg = Debug|Any CPU
		{9C6653C2-3FC3-4280-9200-F1BB892C5B94}.Debug|Any CPU.Build.0 = Debug|Any CPU
		{9C6653C2-3FC3-4280-9200-F1BB892C5B94}.Release|Any CPU.ActiveCfg = Release|Any CPU
		{9C6653C2-3FC3-4280-9200-F1BB892C5B94}.Release|Any CPU.Build.0 = Release|Any CPU
		{80353DB6-D702-4982-B621-C427DAB64B89}.Debug|Any CPU.ActiveCfg = Debug|Any CPU
		{80353DB6-D702-4982-B621-C427DAB64B89}.Debug|Any CPU.Build.0 = Debug|Any CPU
		{80353DB6-D702-4982-B621-C427DAB64B89}.Release|Any CPU.ActiveCfg = Release|Any CPU
		{80353DB6-D702-4982-B621-C427DAB64B89}.Release|Any CPU.Build.0 = Release|Any CPU
		{3BEE1F32-7E5F-4A26-B1D3-A0D84D523EDA}.Debug|Any CPU.ActiveCfg = Debug|Any CPU
		{3BEE1F32-7E5F-4A26-B1D3-A0D84D523EDA}.Debug|Any CPU.Build.0 = Debug|Any CPU
		{3BEE1F32-7E5F-4A26-B1D3-A0D84D523EDA}.Release|Any CPU.ActiveCfg = Release|Any CPU
		{3BEE1F32-7E5F-4A26-B1D3-A0D84D523EDA}.Release|Any CPU.Build.0 = Release|Any CPU
		{9BDED17B-0259-4F5C-85CF-A717C8D6E4BB}.Debug|Any CPU.ActiveCfg = Debug|Any CPU
		{9BDED17B-0259-4F5C-85CF-A717C8D6E4BB}.Debug|Any CPU.Build.0 = Debug|Any CPU
		{9BDED17B-0259-4F5C-85CF-A717C8D6E4BB}.Release|Any CPU.ActiveCfg = Release|Any CPU
		{9BDED17B-0259-4F5C-85CF-A717C8D6E4BB}.Release|Any CPU.Build.0 = Release|Any CPU
	EndGlobalSection
	GlobalSection(SolutionProperties) = preSolution
		HideSolutionNode = FALSE
	EndGlobalSection
	GlobalSection(ExtensibilityGlobals) = postSolution
		SolutionGuid = {9E32738A-47F8-40B0-B7DA-8B7A662828AA}
	EndGlobalSection
EndGlobal
