
Microsoft Visual Studio Solution File, Format Version 12.00
# Visual Studio Version 16
VisualStudioVersion = 16.0.29021.104
MinimumVisualStudioVersion = 10.0.40219.1
Project("{9A19103F-16F7-4668-BE54-9A1E7A4F7556}") = "0.1 Sequence", "0.1 Sequence\0.1 Sequence.csproj", "{B75AA83F-8E88-47B0-B1E1-919260F4A1B1}"
EndProject
Project("{9A19103F-16F7-4668-BE54-9A1E7A4F7556}") = "0.2 Simple", "0.2 Simple\0.2 Simple.csproj", "{310493C6-69DE-4DE6-82FE-356B6027E597}"
EndProject
Project("{FAE04EC0-301F-11D3-BF4B-00C04F79EFBC}") = "0.3. Square", "0.3. Square\0.3. Square.csproj", "{A5E14347-1706-47E5-ADA1-68341FDD506F}"
EndProject
Global
	GlobalSection(SolutionConfigurationPlatforms) = preSolution
		Debug|Any CPU = Debug|Any CPU
		Release|Any CPU = Release|Any CPU
	EndGlobalSection
	GlobalSection(ProjectConfigurationPlatforms) = postSolution
		{B75AA83F-8E88-47B0-B1E1-919260F4A1B1}.Debug|Any CPU.ActiveCfg = Debug|Any CPU
		{B75AA83F-8E88-47B0-B1E1-919260F4A1B1}.Debug|Any CPU.Build.0 = Debug|Any CPU
		{B75AA83F-8E88-47B0-B1E1-919260F4A1B1}.Release|Any CPU.ActiveCfg = Release|Any CPU
		{B75AA83F-8E88-47B0-B1E1-919260F4A1B1}.Release|Any CPU.Build.0 = Release|Any CPU
		{310493C6-69DE-4DE6-82FE-356B6027E597}.Debug|Any CPU.ActiveCfg = Debug|Any CPU
		{310493C6-69DE-4DE6-82FE-356B6027E597}.Debug|Any CPU.Build.0 = Debug|Any CPU
		{310493C6-69DE-4DE6-82FE-356B6027E597}.Release|Any CPU.ActiveCfg = Release|Any CPU
		{310493C6-69DE-4DE6-82FE-356B6027E597}.Release|Any CPU.Build.0 = Release|Any CPU
		{A5E14347-1706-47E5-ADA1-68341FDD506F}.Debug|Any CPU.ActiveCfg = Debug|Any CPU
		{A5E14347-1706-47E5-ADA1-68341FDD506F}.Debug|Any CPU.Build.0 = Debug|Any CPU
		{A5E14347-1706-47E5-ADA1-68341FDD506F}.Release|Any CPU.ActiveCfg = Release|Any CPU
		{A5E14347-1706-47E5-ADA1-68341FDD506F}.Release|Any CPU.Build.0 = Release|Any CPU
	EndGlobalSection
	GlobalSection(SolutionProperties) = preSolution
		HideSolutionNode = FALSE
	EndGlobalSection
	GlobalSection(ExtensibilityGlobals) = postSolution
		SolutionGuid = {6655E180-B125-418A-AAD6-D54041CDF10B}
	EndGlobalSection
EndGlobal
