
Microsoft Visual Studio Solution File, Format Version 12.00
# Visual Studio Version 16
VisualStudioVersion = 16.0.29102.190
MinimumVisualStudioVersion = 10.0.40219.1
Project("{9A19103F-16F7-4668-BE54-9A1E7A4F7556}") = "3.1. LOST", "3.1. LOST\3.1. LOST.csproj", "{E03B9C52-8A61-4A78-9AF7-441464D5DA23}"
EndProject
Project("{9A19103F-16F7-4668-BE54-9A1E7A4F7556}") = "3.2. WORD FREQUENCY", "3.2. WORD FREQUENCY\3.2. WORD FREQUENCY.csproj", "{1A28906F-2BA9-4F22-BD58-8FFA9778C54B}"
EndProject
Project("{FAE04EC0-301F-11D3-BF4B-00C04F79EFBC}") = "3.3. DYNAMIC ARRAY", "3.3. DYNAMIC ARRAY\3.3. DYNAMIC ARRAY.csproj", "{482FB62A-9950-4287-8C01-78C91034C317}"
EndProject
Project("{FAE04EC0-301F-11D3-BF4B-00C04F79EFBC}") = "3.4.  DYNAMIC ARRAY (HARDCORE MODE)", "3.4.  DYNAMIC ARRAY (HARDCORE MODE)\3.4.  DYNAMIC ARRAY (HARDCORE MODE).csproj", "{F83BE145-08CD-4621-BF42-97D93E7E8022}"
EndProject
Global
	GlobalSection(SolutionConfigurationPlatforms) = preSolution
		Debug|Any CPU = Debug|Any CPU
		Release|Any CPU = Release|Any CPU
	EndGlobalSection
	GlobalSection(ProjectConfigurationPlatforms) = postSolution
		{E03B9C52-8A61-4A78-9AF7-441464D5DA23}.Debug|Any CPU.ActiveCfg = Debug|Any CPU
		{E03B9C52-8A61-4A78-9AF7-441464D5DA23}.Debug|Any CPU.Build.0 = Debug|Any CPU
		{E03B9C52-8A61-4A78-9AF7-441464D5DA23}.Release|Any CPU.ActiveCfg = Release|Any CPU
		{E03B9C52-8A61-4A78-9AF7-441464D5DA23}.Release|Any CPU.Build.0 = Release|Any CPU
		{1A28906F-2BA9-4F22-BD58-8FFA9778C54B}.Debug|Any CPU.ActiveCfg = Debug|Any CPU
		{1A28906F-2BA9-4F22-BD58-8FFA9778C54B}.Debug|Any CPU.Build.0 = Debug|Any CPU
		{1A28906F-2BA9-4F22-BD58-8FFA9778C54B}.Release|Any CPU.ActiveCfg = Release|Any CPU
		{1A28906F-2BA9-4F22-BD58-8FFA9778C54B}.Release|Any CPU.Build.0 = Release|Any CPU
		{482FB62A-9950-4287-8C01-78C91034C317}.Debug|Any CPU.ActiveCfg = Debug|Any CPU
		{482FB62A-9950-4287-8C01-78C91034C317}.Debug|Any CPU.Build.0 = Debug|Any CPU
		{482FB62A-9950-4287-8C01-78C91034C317}.Release|Any CPU.ActiveCfg = Release|Any CPU
		{482FB62A-9950-4287-8C01-78C91034C317}.Release|Any CPU.Build.0 = Release|Any CPU
		{F83BE145-08CD-4621-BF42-97D93E7E8022}.Debug|Any CPU.ActiveCfg = Debug|Any CPU
		{F83BE145-08CD-4621-BF42-97D93E7E8022}.Debug|Any CPU.Build.0 = Debug|Any CPU
		{F83BE145-08CD-4621-BF42-97D93E7E8022}.Release|Any CPU.ActiveCfg = Release|Any CPU
		{F83BE145-08CD-4621-BF42-97D93E7E8022}.Release|Any CPU.Build.0 = Release|Any CPU
	EndGlobalSection
	GlobalSection(SolutionProperties) = preSolution
		HideSolutionNode = FALSE
	EndGlobalSection
	GlobalSection(ExtensibilityGlobals) = postSolution
		SolutionGuid = {2D0289FE-BC0A-4B3B-B17D-8BC709BD25B5}
	EndGlobalSection
EndGlobal
