
Microsoft Visual Studio Solution File, Format Version 12.00
# Visual Studio Version 16
VisualStudioVersion = 16.0.29123.88
MinimumVisualStudioVersion = 10.0.40219.1
Project("{FAE04EC0-301F-11D3-BF4B-00C04F79EFBC}") = "4.1. CUSTOM SORT", "4.1. CUSTOM SORT\4.1. CUSTOM SORT.csproj", "{51867B85-892E-4347-B8E4-0D4A96FC3BC7}"
EndProject
Project("{FAE04EC0-301F-11D3-BF4B-00C04F79EFBC}") = "4.4. NUMBER ARRAY SUM", "4.4. NUMBER ARRAY SUM\4.4. NUMBER ARRAY SUM.csproj", "{74ADA2F7-0111-4C9E-B599-8B81C8F32E16}"
EndProject
Global
	GlobalSection(SolutionConfigurationPlatforms) = preSolution
		Debug|Any CPU = Debug|Any CPU
		Release|Any CPU = Release|Any CPU
	EndGlobalSection
	GlobalSection(ProjectConfigurationPlatforms) = postSolution
		{51867B85-892E-4347-B8E4-0D4A96FC3BC7}.Debug|Any CPU.ActiveCfg = Debug|Any CPU
		{51867B85-892E-4347-B8E4-0D4A96FC3BC7}.Debug|Any CPU.Build.0 = Debug|Any CPU
		{51867B85-892E-4347-B8E4-0D4A96FC3BC7}.Release|Any CPU.ActiveCfg = Release|Any CPU
		{51867B85-892E-4347-B8E4-0D4A96FC3BC7}.Release|Any CPU.Build.0 = Release|Any CPU
		{74ADA2F7-0111-4C9E-B599-8B81C8F32E16}.Debug|Any CPU.ActiveCfg = Debug|Any CPU
		{74ADA2F7-0111-4C9E-B599-8B81C8F32E16}.Debug|Any CPU.Build.0 = Debug|Any CPU
		{74ADA2F7-0111-4C9E-B599-8B81C8F32E16}.Release|Any CPU.ActiveCfg = Release|Any CPU
		{74ADA2F7-0111-4C9E-B599-8B81C8F32E16}.Release|Any CPU.Build.0 = Release|Any CPU
	EndGlobalSection
	GlobalSection(SolutionProperties) = preSolution
		HideSolutionNode = FALSE
	EndGlobalSection
	GlobalSection(ExtensibilityGlobals) = postSolution
		SolutionGuid = {E9FD48E9-AE6C-4005-8A5E-7FB8BF021237}
	EndGlobalSection
EndGlobal
