
Microsoft Visual Studio Solution File, Format Version 12.00
# Visual Studio Version 16
VisualStudioVersion = 16.0.29123.88
MinimumVisualStudioVersion = 10.0.40219.1
Project("{9A19103F-16F7-4668-BE54-9A1E7A4F7556}") = "4.1. CUSTOM SORT", "4.1. CUSTOM SORT\4.1. CUSTOM SORT.csproj", "{51867B85-892E-4347-B8E4-0D4A96FC3BC7}"
EndProject
Project("{9A19103F-16F7-4668-BE54-9A1E7A4F7556}") = "4.4. NUMBER ARRAY SUM", "4.4. NUMBER ARRAY SUM\4.4. NUMBER ARRAY SUM.csproj", "{74ADA2F7-0111-4C9E-B599-8B81C8F32E16}"
EndProject
Project("{9A19103F-16F7-4668-BE54-9A1E7A4F7556}") = "4.2. CUSTOM SORT DEMO", "4.2. CUSTOM SORT DEMO\4.2. CUSTOM SORT DEMO.csproj", "{03F350DF-F8A6-4BCD-A3C8-4952D73A9ADA}"
EndProject
Project("{9A19103F-16F7-4668-BE54-9A1E7A4F7556}") = "4.3. SORTING UNIT", "4.3. SORTING UNIT\4.3. SORTING UNIT.csproj", "{FABA8BAC-431A-4DED-BFA2-BC8E63489E10}"
EndProject
Project("{FAE04EC0-301F-11D3-BF4B-00C04F79EFBC}") = "4.5. TO INT OR NOT TO INT", "4.5. TO INT OR NOT TO INT\4.5. TO INT OR NOT TO INT.csproj", "{B7692F75-DA92-4586-BE9E-54CCEE93641C}"
EndProject
Project("{FAE04EC0-301F-11D3-BF4B-00C04F79EFBC}") = "4.6. I SEEK YOU", "4.6. I SEEK YOU\4.6. I SEEK YOU.csproj", "{DE19BAEB-2790-4738-9A61-CE8A8EEA00B3}"
EndProject
Global
	GlobalSection(SolutionConfigurationPlatforms) = preSolution
		Debug|Any CPU = Debug|Any CPU
		Release|Any CPU = Release|Any CPU
	EndGlobalSection
	GlobalSection(ProjectConfigurationPlatforms) = postSolution
		{51867B85-892E-4347-B8E4-0D4A96FC3BC7}.Debug|Any CPU.ActiveCfg = Debug|Any CPU
		{51867B85-892E-4347-B8E4-0D4A96FC3BC7}.Debug|Any CPU.Build.0 = Debug|Any CPU
		{51867B85-892E-4347-B8E4-0D4A96FC3BC7}.Release|Any CPU.ActiveCfg = Release|Any CPU
		{51867B85-892E-4347-B8E4-0D4A96FC3BC7}.Release|Any CPU.Build.0 = Release|Any CPU
		{74ADA2F7-0111-4C9E-B599-8B81C8F32E16}.Debug|Any CPU.ActiveCfg = Debug|Any CPU
		{74ADA2F7-0111-4C9E-B599-8B81C8F32E16}.Debug|Any CPU.Build.0 = Debug|Any CPU
		{74ADA2F7-0111-4C9E-B599-8B81C8F32E16}.Release|Any CPU.ActiveCfg = Release|Any CPU
		{74ADA2F7-0111-4C9E-B599-8B81C8F32E16}.Release|Any CPU.Build.0 = Release|Any CPU
		{03F350DF-F8A6-4BCD-A3C8-4952D73A9ADA}.Debug|Any CPU.ActiveCfg = Debug|Any CPU
		{03F350DF-F8A6-4BCD-A3C8-4952D73A9ADA}.Debug|Any CPU.Build.0 = Debug|Any CPU
		{03F350DF-F8A6-4BCD-A3C8-4952D73A9ADA}.Release|Any CPU.ActiveCfg = Release|Any CPU
		{03F350DF-F8A6-4BCD-A3C8-4952D73A9ADA}.Release|Any CPU.Build.0 = Release|Any CPU
		{FABA8BAC-431A-4DED-BFA2-BC8E63489E10}.Debug|Any CPU.ActiveCfg = Debug|Any CPU
		{FABA8BAC-431A-4DED-BFA2-BC8E63489E10}.Debug|Any CPU.Build.0 = Debug|Any CPU
		{FABA8BAC-431A-4DED-BFA2-BC8E63489E10}.Release|Any CPU.ActiveCfg = Release|Any CPU
		{FABA8BAC-431A-4DED-BFA2-BC8E63489E10}.Release|Any CPU.Build.0 = Release|Any CPU
		{B7692F75-DA92-4586-BE9E-54CCEE93641C}.Debug|Any CPU.ActiveCfg = Debug|Any CPU
		{B7692F75-DA92-4586-BE9E-54CCEE93641C}.Debug|Any CPU.Build.0 = Debug|Any CPU
		{B7692F75-DA92-4586-BE9E-54CCEE93641C}.Release|Any CPU.ActiveCfg = Release|Any CPU
		{B7692F75-DA92-4586-BE9E-54CCEE93641C}.Release|Any CPU.Build.0 = Release|Any CPU
		{DE19BAEB-2790-4738-9A61-CE8A8EEA00B3}.Debug|Any CPU.ActiveCfg = Debug|Any CPU
		{DE19BAEB-2790-4738-9A61-CE8A8EEA00B3}.Debug|Any CPU.Build.0 = Debug|Any CPU
		{DE19BAEB-2790-4738-9A61-CE8A8EEA00B3}.Release|Any CPU.ActiveCfg = Release|Any CPU
		{DE19BAEB-2790-4738-9A61-CE8A8EEA00B3}.Release|Any CPU.Build.0 = Release|Any CPU
	EndGlobalSection
	GlobalSection(SolutionProperties) = preSolution
		HideSolutionNode = FALSE
	EndGlobalSection
	GlobalSection(ExtensibilityGlobals) = postSolution
		SolutionGuid = {E9FD48E9-AE6C-4005-8A5E-7FB8BF021237}
	EndGlobalSection
EndGlobal
