
Microsoft Visual Studio Solution File, Format Version 12.00
# Visual Studio Version 16
VisualStudioVersion = 16.0.29306.81
MinimumVisualStudioVersion = 10.0.40219.1
Project("{FAE04EC0-301F-11D3-BF4B-00C04F79EFBC}") = "UserAwardsApp.Entities", "UserAwardsApp.Entities\UserAwardsApp.Entities.csproj", "{DBD7F537-FB12-4684-8BFE-022AB5B6C4B2}"
EndProject
Project("{2150E333-8FDC-42A3-9474-1A3956D46DE8}") = "Entities", "Entities", "{F401569B-595B-4C40-B0E6-12625FEA3D59}"
EndProject
Project("{2150E333-8FDC-42A3-9474-1A3956D46DE8}") = "DAL", "DAL", "{009D3506-83E4-4F18-9025-9B997ED03CBD}"
EndProject
Project("{FAE04EC0-301F-11D3-BF4B-00C04F79EFBC}") = "UserAwardsApp.DAL.Abstract", "UserAwardsApp.DAL.Abstract\UserAwardsApp.DAL.Abstract.csproj", "{E62B6324-ADB6-431C-8208-1D34071924DE}"
EndProject
Project("{FAE04EC0-301F-11D3-BF4B-00C04F79EFBC}") = "UserAwardsApp.DAL.Memory", "UserAwardsApp.DAL.Memory\UserAwardsApp.DAL.Memory.csproj", "{8AF9529C-77A7-4976-AF9D-0ECB94C7F991}"
EndProject
Project("{FAE04EC0-301F-11D3-BF4B-00C04F79EFBC}") = "UserAwardsApp.DAL.Files", "UserAwardsApp.DAL.Files\UserAwardsApp.DAL.Files.csproj", "{0874892D-6696-4EE7-A978-BD515781C441}"
EndProject
Project("{2150E333-8FDC-42A3-9474-1A3956D46DE8}") = "BLL", "BLL", "{4B812296-B0D9-48D0-A20D-A1A7371554F0}"
EndProject
Project("{FAE04EC0-301F-11D3-BF4B-00C04F79EFBC}") = "UserAwardsApp.BLL.Abstract", "UserAwardsApp.BLL.Abstract\UserAwardsApp.BLL.Abstract.csproj", "{C600952B-246F-4DEA-8925-1E6682DB3A62}"
EndProject
Project("{FAE04EC0-301F-11D3-BF4B-00C04F79EFBC}") = "UserAwardsApp.BLL.Logic", "UserAwardsApp.BLL.Logic\UserAwardsApp.BLL.Logic.csproj", "{00349EB4-8A01-4537-BEBD-CFA513BB3B85}"
EndProject
Project("{2150E333-8FDC-42A3-9474-1A3956D46DE8}") = "Common", "Common", "{47538E97-703A-44D5-81E2-63274FDC3ACA}"
EndProject
Project("{FAE04EC0-301F-11D3-BF4B-00C04F79EFBC}") = "UserAwardsApp.DI.Provaiders", "UserAwardsApp.DI.Provaiders\UserAwardsApp.DI.Provaiders.csproj", "{BD92E547-4E67-40FD-961E-B5DB6C71AF5E}"
EndProject
Project("{2150E333-8FDC-42A3-9474-1A3956D46DE8}") = "PL", "PL", "{83EBF60C-06CB-46C0-ADB5-F7E2CC2DE8E0}"
EndProject
Project("{FAE04EC0-301F-11D3-BF4B-00C04F79EFBC}") = "UserAwardsApp.PL.ConsoleVM", "UserAwardsApp.PL.ConsoleVM\UserAwardsApp.PL.ConsoleVM.csproj", "{5434A2FF-BBB9-4D3B-94D4-F726C0ECFEB4}"
EndProject
Project("{FAE04EC0-301F-11D3-BF4B-00C04F79EFBC}") = "UserAwardsApp.PL.UIWebPages", "UserAwardsApp.PL.UIWebPages\UserAwardsApp.PL.UIWebPages.csproj", "{C49E9D2C-7D46-4C6D-8F4A-BAC7382115AA}"
EndProject
Project("{FAE04EC0-301F-11D3-BF4B-00C04F79EFBC}") = "UserAwardsApp.DAL.DB", "UserAwardsApp.DAL.DB\UserAwardsApp.DAL.DB.csproj", "{B1CDB247-FBC9-4AB9-8B6B-D9E6AA061F90}"
EndProject
Global
	GlobalSection(SolutionConfigurationPlatforms) = preSolution
		Debug|Any CPU = Debug|Any CPU
		Release|Any CPU = Release|Any CPU
	EndGlobalSection
	GlobalSection(ProjectConfigurationPlatforms) = postSolution
		{DBD7F537-FB12-4684-8BFE-022AB5B6C4B2}.Debug|Any CPU.ActiveCfg = Debug|Any CPU
		{DBD7F537-FB12-4684-8BFE-022AB5B6C4B2}.Debug|Any CPU.Build.0 = Debug|Any CPU
		{DBD7F537-FB12-4684-8BFE-022AB5B6C4B2}.Release|Any CPU.ActiveCfg = Release|Any CPU
		{DBD7F537-FB12-4684-8BFE-022AB5B6C4B2}.Release|Any CPU.Build.0 = Release|Any CPU
		{E62B6324-ADB6-431C-8208-1D34071924DE}.Debug|Any CPU.ActiveCfg = Debug|Any CPU
		{E62B6324-ADB6-431C-8208-1D34071924DE}.Debug|Any CPU.Build.0 = Debug|Any CPU
		{E62B6324-ADB6-431C-8208-1D34071924DE}.Release|Any CPU.ActiveCfg = Release|Any CPU
		{E62B6324-ADB6-431C-8208-1D34071924DE}.Release|Any CPU.Build.0 = Release|Any CPU
		{8AF9529C-77A7-4976-AF9D-0ECB94C7F991}.Debug|Any CPU.ActiveCfg = Debug|Any CPU
		{8AF9529C-77A7-4976-AF9D-0ECB94C7F991}.Debug|Any CPU.Build.0 = Debug|Any CPU
		{8AF9529C-77A7-4976-AF9D-0ECB94C7F991}.Release|Any CPU.ActiveCfg = Release|Any CPU
		{8AF9529C-77A7-4976-AF9D-0ECB94C7F991}.Release|Any CPU.Build.0 = Release|Any CPU
		{0874892D-6696-4EE7-A978-BD515781C441}.Debug|Any CPU.ActiveCfg = Debug|Any CPU
		{0874892D-6696-4EE7-A978-BD515781C441}.Debug|Any CPU.Build.0 = Debug|Any CPU
		{0874892D-6696-4EE7-A978-BD515781C441}.Release|Any CPU.ActiveCfg = Release|Any CPU
		{0874892D-6696-4EE7-A978-BD515781C441}.Release|Any CPU.Build.0 = Release|Any CPU
		{C600952B-246F-4DEA-8925-1E6682DB3A62}.Debug|Any CPU.ActiveCfg = Debug|Any CPU
		{C600952B-246F-4DEA-8925-1E6682DB3A62}.Debug|Any CPU.Build.0 = Debug|Any CPU
		{C600952B-246F-4DEA-8925-1E6682DB3A62}.Release|Any CPU.ActiveCfg = Release|Any CPU
		{C600952B-246F-4DEA-8925-1E6682DB3A62}.Release|Any CPU.Build.0 = Release|Any CPU
		{00349EB4-8A01-4537-BEBD-CFA513BB3B85}.Debug|Any CPU.ActiveCfg = Debug|Any CPU
		{00349EB4-8A01-4537-BEBD-CFA513BB3B85}.Debug|Any CPU.Build.0 = Debug|Any CPU
		{00349EB4-8A01-4537-BEBD-CFA513BB3B85}.Release|Any CPU.ActiveCfg = Release|Any CPU
		{00349EB4-8A01-4537-BEBD-CFA513BB3B85}.Release|Any CPU.Build.0 = Release|Any CPU
		{BD92E547-4E67-40FD-961E-B5DB6C71AF5E}.Debug|Any CPU.ActiveCfg = Debug|Any CPU
		{BD92E547-4E67-40FD-961E-B5DB6C71AF5E}.Debug|Any CPU.Build.0 = Debug|Any CPU
		{BD92E547-4E67-40FD-961E-B5DB6C71AF5E}.Release|Any CPU.ActiveCfg = Release|Any CPU
		{BD92E547-4E67-40FD-961E-B5DB6C71AF5E}.Release|Any CPU.Build.0 = Release|Any CPU
		{5434A2FF-BBB9-4D3B-94D4-F726C0ECFEB4}.Debug|Any CPU.ActiveCfg = Debug|Any CPU
		{5434A2FF-BBB9-4D3B-94D4-F726C0ECFEB4}.Debug|Any CPU.Build.0 = Debug|Any CPU
		{5434A2FF-BBB9-4D3B-94D4-F726C0ECFEB4}.Release|Any CPU.ActiveCfg = Release|Any CPU
		{5434A2FF-BBB9-4D3B-94D4-F726C0ECFEB4}.Release|Any CPU.Build.0 = Release|Any CPU
		{C49E9D2C-7D46-4C6D-8F4A-BAC7382115AA}.Debug|Any CPU.ActiveCfg = Debug|Any CPU
		{C49E9D2C-7D46-4C6D-8F4A-BAC7382115AA}.Debug|Any CPU.Build.0 = Debug|Any CPU
		{C49E9D2C-7D46-4C6D-8F4A-BAC7382115AA}.Release|Any CPU.ActiveCfg = Release|Any CPU
		{C49E9D2C-7D46-4C6D-8F4A-BAC7382115AA}.Release|Any CPU.Build.0 = Release|Any CPU
		{B1CDB247-FBC9-4AB9-8B6B-D9E6AA061F90}.Debug|Any CPU.ActiveCfg = Debug|Any CPU
		{B1CDB247-FBC9-4AB9-8B6B-D9E6AA061F90}.Debug|Any CPU.Build.0 = Debug|Any CPU
		{B1CDB247-FBC9-4AB9-8B6B-D9E6AA061F90}.Release|Any CPU.ActiveCfg = Release|Any CPU
		{B1CDB247-FBC9-4AB9-8B6B-D9E6AA061F90}.Release|Any CPU.Build.0 = Release|Any CPU
	EndGlobalSection
	GlobalSection(SolutionProperties) = preSolution
		HideSolutionNode = FALSE
	EndGlobalSection
	GlobalSection(NestedProjects) = preSolution
		{DBD7F537-FB12-4684-8BFE-022AB5B6C4B2} = {F401569B-595B-4C40-B0E6-12625FEA3D59}
		{E62B6324-ADB6-431C-8208-1D34071924DE} = {009D3506-83E4-4F18-9025-9B997ED03CBD}
		{8AF9529C-77A7-4976-AF9D-0ECB94C7F991} = {009D3506-83E4-4F18-9025-9B997ED03CBD}
		{0874892D-6696-4EE7-A978-BD515781C441} = {009D3506-83E4-4F18-9025-9B997ED03CBD}
		{C600952B-246F-4DEA-8925-1E6682DB3A62} = {4B812296-B0D9-48D0-A20D-A1A7371554F0}
		{00349EB4-8A01-4537-BEBD-CFA513BB3B85} = {4B812296-B0D9-48D0-A20D-A1A7371554F0}
		{BD92E547-4E67-40FD-961E-B5DB6C71AF5E} = {47538E97-703A-44D5-81E2-63274FDC3ACA}
		{5434A2FF-BBB9-4D3B-94D4-F726C0ECFEB4} = {83EBF60C-06CB-46C0-ADB5-F7E2CC2DE8E0}
		{C49E9D2C-7D46-4C6D-8F4A-BAC7382115AA} = {83EBF60C-06CB-46C0-ADB5-F7E2CC2DE8E0}
		{B1CDB247-FBC9-4AB9-8B6B-D9E6AA061F90} = {009D3506-83E4-4F18-9025-9B997ED03CBD}
	EndGlobalSection
	GlobalSection(ExtensibilityGlobals) = postSolution
		SolutionGuid = {2F023FC9-3440-44FF-A06E-3DC9964D1010}
	EndGlobalSection
EndGlobal
